
Microsoft Visual Studio Solution File, Format Version 12.00
# Visual Studio 15
VisualStudioVersion = 15.0.27130.2020
MinimumVisualStudioVersion = 10.0.40219.1
Project("{8BC9CEB8-8B4A-11D0-8D11-00A0C91BC942}") = "FromScratch", "FromScratch\FromScratch.vcxproj", "{9AE02779-11A8-4119-9EE7-22B3001878A4}"
EndProject
Global
	GlobalSection(SolutionConfigurationPlatforms) = preSolution
		Debug|x64 = Debug|x64
		Debug|x86 = Debug|x86
		Release|x64 = Release|x64
		Release|x86 = Release|x86
	EndGlobalSection
	GlobalSection(ProjectConfigurationPlatforms) = postSolution
		{9AE02779-11A8-4119-9EE7-22B3001878A4}.Debug|x64.ActiveCfg = Debug|x64
		{9AE02779-11A8-4119-9EE7-22B3001878A4}.Debug|x64.Build.0 = Debug|x64
		{9AE02779-11A8-4119-9EE7-22B3001878A4}.Debug|x86.ActiveCfg = Debug|Win32
		{9AE02779-11A8-4119-9EE7-22B3001878A4}.Debug|x86.Build.0 = Debug|Win32
		{9AE02779-11A8-4119-9EE7-22B3001878A4}.Release|x64.ActiveCfg = Release|x64
		{9AE02779-11A8-4119-9EE7-22B3001878A4}.Release|x64.Build.0 = Release|x64
		{9AE02779-11A8-4119-9EE7-22B3001878A4}.Release|x86.ActiveCfg = Release|Win32
		{9AE02779-11A8-4119-9EE7-22B3001878A4}.Release|x86.Build.0 = Release|Win32
	EndGlobalSection
	GlobalSection(SolutionProperties) = preSolution
		HideSolutionNode = FALSE
	EndGlobalSection
	GlobalSection(ExtensibilityGlobals) = postSolution
		SolutionGuid = {31FD30AC-07DC-4804-918F-06DCF78D7D22}
	EndGlobalSection
EndGlobal
